Microsoft Visual Studio Solution File, Format Version 12.00
# Visual Studio Version 17
VisualStudioVersion = 17.0.31903.59
MinimumVisualStudioVersion = 10.0.40219.1
Project("{FAE04EC0-301F-11D3-BF4B-00C04F79EFBC}") = "PngViewer", "PngViewer\PngViewer.csproj", "{FEBBA1D7-4A32-4EF9-9C6B-4A3BBBAC39FD}"
EndProject
Global
	GlobalSection(SolutionConfigurationPlatforms) = preSolution
		Debug|Any CPU = Debug|Any CPU
		Release|Any CPU = Release|Any CPU
	EndGlobalSection
	GlobalSection(ProjectConfigurationPlatforms) = postSolution
		{FEBBA1D7-4A32-4EF9-9C6B-4A3BBBAC39FD}.Debug|Any CPU.ActiveCfg = Debug|Any CPU
		{FEBBA1D7-4A32-4EF9-9C6B-4A3BBBAC39FD}.Debug|Any CPU.Build.0 = Debug|Any CPU
		{FEBBA1D7-4A32-4EF9-9C6B-4A3BBBAC39FD}.Release|Any CPU.ActiveCfg = Release|Any CPU
		{FEBBA1D7-4A32-4EF9-9C6B-4A3BBBAC39FD}.Release|Any CPU.Build.0 = Release|Any CPU
	EndGlobalSection
	GlobalSection(SolutionProperties) = preSolution
		HideSolutionNode = FALSE
	EndGlobalSection
	GlobalSection(ExtensibilityGlobals) = postSolution
		SolutionGuid = {A75F84DE-71B8-40DC-BC88-E4DE6CEAB778}
	EndGlobalSection
EndGlobal